
Microsoft Visual Studio Solution File, Format Version 12.00
# Visual Studio 15
VisualStudioVersion = 15.0.28307.705
MinimumVisualStudioVersion = 10.0.40219.1
Project("{9A19103F-16F7-4668-BE54-9A1E7A4F7556}") = "SSO", "SSO\SSO.csproj", "{A468C784-1E6D-4895-A92E-4824FEFAA51C}"
EndProject
Project("{9A19103F-16F7-4668-BE54-9A1E7A4F7556}") = "Core", "Core\Core.csproj", "{064A599E-CF8F-4566-AC86-AEB4E43B3BC0}"
EndProject
Project("{9A19103F-16F7-4668-BE54-9A1E7A4F7556}") = "Services", "Services\Services.csproj", "{BB96A32E-F693-43B1-B9AB-70E0F69E6600}"
EndProject
Project("{9A19103F-16F7-4668-BE54-9A1E7A4F7556}") = "Storage", "Storage\Storage.csproj", "{F2CD459B-5AEB-4645-BCA7-913B219F4019}"
EndProject
Project("{FAE04EC0-301F-11D3-BF4B-00C04F79EFBC}") = "Repository", "Repository\Repository.csproj", "{77B8E145-F37C-437C-9A28-3680DDAD03B9}"
EndProject
Global
	GlobalSection(SolutionConfigurationPlatforms) = preSolution
		Debug|Any CPU = Debug|Any CPU
		Release|Any CPU = Release|Any CPU
	EndGlobalSection
	GlobalSection(ProjectConfigurationPlatforms) = postSolution
		{A468C784-1E6D-4895-A92E-4824FEFAA51C}.Debug|Any CPU.ActiveCfg = Debug|Any CPU
		{A468C784-1E6D-4895-A92E-4824FEFAA51C}.Debug|Any CPU.Build.0 = Debug|Any CPU
		{A468C784-1E6D-4895-A92E-4824FEFAA51C}.Release|Any CPU.ActiveCfg = Release|Any CPU
		{A468C784-1E6D-4895-A92E-4824FEFAA51C}.Release|Any CPU.Build.0 = Release|Any CPU
		{064A599E-CF8F-4566-AC86-AEB4E43B3BC0}.Debug|Any CPU.ActiveCfg = Debug|Any CPU
		{064A599E-CF8F-4566-AC86-AEB4E43B3BC0}.Debug|Any CPU.Build.0 = Debug|Any CPU
		{064A599E-CF8F-4566-AC86-AEB4E43B3BC0}.Release|Any CPU.ActiveCfg = Release|Any CPU
		{064A599E-CF8F-4566-AC86-AEB4E43B3BC0}.Release|Any CPU.Build.0 = Release|Any CPU
		{BB96A32E-F693-43B1-B9AB-70E0F69E6600}.Debug|Any CPU.ActiveCfg = Debug|Any CPU
		{BB96A32E-F693-43B1-B9AB-70E0F69E6600}.Debug|Any CPU.Build.0 = Debug|Any CPU
		{BB96A32E-F693-43B1-B9AB-70E0F69E6600}.Release|Any CPU.ActiveCfg = Release|Any CPU
		{BB96A32E-F693-43B1-B9AB-70E0F69E6600}.Release|Any CPU.Build.0 = Release|Any CPU
		{F2CD459B-5AEB-4645-BCA7-913B219F4019}.Debug|Any CPU.ActiveCfg = Debug|Any CPU
		{F2CD459B-5AEB-4645-BCA7-913B219F4019}.Debug|Any CPU.Build.0 = Debug|Any CPU
		{F2CD459B-5AEB-4645-BCA7-913B219F4019}.Release|Any CPU.ActiveCfg = Release|Any CPU
		{F2CD459B-5AEB-4645-BCA7-913B219F4019}.Release|Any CPU.Build.0 = Release|Any CPU
		{77B8E145-F37C-437C-9A28-3680DDAD03B9}.Debug|Any CPU.ActiveCfg = Debug|Any CPU
		{77B8E145-F37C-437C-9A28-3680DDAD03B9}.Debug|Any CPU.Build.0 = Debug|Any CPU
		{77B8E145-F37C-437C-9A28-3680DDAD03B9}.Release|Any CPU.ActiveCfg = Release|Any CPU
		{77B8E145-F37C-437C-9A28-3680DDAD03B9}.Release|Any CPU.Build.0 = Release|Any CPU
	EndGlobalSection
	GlobalSection(SolutionProperties) = preSolution
		HideSolutionNode = FALSE
	EndGlobalSection
	GlobalSection(ExtensibilityGlobals) = postSolution
		SolutionGuid = {242D230E-D111-4A0A-B515-417E492E1D44}
	EndGlobalSection
EndGlobal
